
Microsoft Visual Studio Solution File, Format Version 12.00
# Visual Studio Version 16
VisualStudioVersion = 16.0.30330.147
MinimumVisualStudioVersion = 10.0.40219.1
Project("{FAE04EC0-301F-11D3-BF4B-00C04F79EFBC}") = "aspnet-core-web-application-localization", "aspnet-core-web-application-localization\aspnet-core-web-application-localization.csproj", "{09EF07F7-3028-497E-8EA2-3D5C557C4779}"
EndProject
Global
	GlobalSection(SolutionConfigurationPlatforms) = preSolution
		Debug|Any CPU = Debug|Any CPU
		Release|Any CPU = Release|Any CPU
	EndGlobalSection
	GlobalSection(ProjectConfigurationPlatforms) = postSolution
		{09EF07F7-3028-497E-8EA2-3D5C557C4779}.Debug|Any CPU.ActiveCfg = Debug|Any CPU
		{09EF07F7-3028-497E-8EA2-3D5C557C4779}.Debug|Any CPU.Build.0 = Debug|Any CPU
		{09EF07F7-3028-497E-8EA2-3D5C557C4779}.Release|Any CPU.ActiveCfg = Release|Any CPU
		{09EF07F7-3028-497E-8EA2-3D5C557C4779}.Release|Any CPU.Build.0 = Release|Any CPU
	EndGlobalSection
	GlobalSection(SolutionProperties) = preSolution
		HideSolutionNode = FALSE
	EndGlobalSection
	GlobalSection(ExtensibilityGlobals) = postSolution
		SolutionGuid = {7AF214A8-A03F-470F-9F86-B2462101080D}
	EndGlobalSection
EndGlobal
